
Microsoft Visual Studio Solution File, Format Version 12.00
Project("{9A19103F-16F7-4668-BE54-9A1E7A4F7556}") = "_build", "build\_build.csproj", "{259A30DB-EEEC-4C72-8172-2567FE83BF08}"
EndProject
Project("{FAE04EC0-301F-11D3-BF4B-00C04F79EFBC}") = "Backend.Fx.Commands", "src\Backend.Fx.Commands.csproj", "{3ED11BBB-B1B7-4D32-8D4D-0305CB911F62}"
EndProject
Global
	GlobalSection(SolutionConfigurationPlatforms) = preSolution
		Debug|Any CPU = Debug|Any CPU
		Release|Any CPU = Release|Any CPU
	EndGlobalSection
	GlobalSection(ProjectConfigurationPlatforms) = postSolution
		{259A30DB-EEEC-4C72-8172-2567FE83BF08}.Debug|Any CPU.ActiveCfg = Debug|Any CPU
		{259A30DB-EEEC-4C72-8172-2567FE83BF08}.Release|Any CPU.ActiveCfg = Release|Any CPU
		{3ED11BBB-B1B7-4D32-8D4D-0305CB911F62}.Debug|Any CPU.ActiveCfg = Debug|Any CPU
		{3ED11BBB-B1B7-4D32-8D4D-0305CB911F62}.Debug|Any CPU.Build.0 = Debug|Any CPU
		{3ED11BBB-B1B7-4D32-8D4D-0305CB911F62}.Release|Any CPU.ActiveCfg = Release|Any CPU
		{3ED11BBB-B1B7-4D32-8D4D-0305CB911F62}.Release|Any CPU.Build.0 = Release|Any CPU
	EndGlobalSection
EndGlobal
